// !$*UTF8*$!
{
	archiveVersion = 1;
	classes = {
	};
	objectVersion = 50;
	objects = {

/* Begin PBXBuildFile section */
		6B0483DF2640ED630018E47D /* NibLoadableTests.swift in Sources */ = {isa = PBXBuildFile; fileRef = 6B0483DE2640ED630018E47D /* NibLoadableTests.swift */; };
		6B0483E72640EDA70018E47D /* TestNibLoadableView.swift in Sources */ = {isa = PBXBuildFile; fileRef = 6B0483E62640EDA70018E47D /* TestNibLoadableView.swift */; };
		6B0483EC2640EDC10018E47D /* TestNibLoadableView.xib in Resources */ = {isa = PBXBuildFile; fileRef = 6B0483EB2640EDC10018E47D /* TestNibLoadableView.xib */; };
		6B4BCA4E263E46F70036EF41 /* Configurable.swift in Sources */ = {isa = PBXBuildFile; fileRef = 6B4BCA4D263E46F70036EF41 /* Configurable.swift */; };
		6B4BCA57263E50CB0036EF41 /* FlightTableViewCell.swift in Sources */ = {isa = PBXBuildFile; fileRef = 6B4BCA55263E50CB0036EF41 /* FlightTableViewCell.swift */; };
		6B4BCA58263E50CB0036EF41 /* FlightTableViewCell.xib in Resources */ = {isa = PBXBuildFile; fileRef = 6B4BCA56263E50CB0036EF41 /* FlightTableViewCell.xib */; };
		6B4BCA5D263E511E0036EF41 /* FlightCellData.swift in Sources */ = {isa = PBXBuildFile; fileRef = 6B4BCA5C263E511E0036EF41 /* FlightCellData.swift */; };
		6B4BCA6A263EA2660036EF41 /* CustomDateFormatter.swift in Sources */ = {isa = PBXBuildFile; fileRef = 6B4BCA69263EA2660036EF41 /* CustomDateFormatter.swift */; };
		6B4BCA6F263EB2F10036EF41 /* StringParser.swift in Sources */ = {isa = PBXBuildFile; fileRef = 6B4BCA6E263EB2F10036EF41 /* StringParser.swift */; };
		6B4BCA74263EB79D0036EF41 /* UINavigationBar+extensions.swift in Sources */ = {isa = PBXBuildFile; fileRef = 6B4BCA73263EB79D0036EF41 /* UINavigationBar+extensions.swift */; };
		6B4BCA79263EB8580036EF41 /* NavigationControllerStyle.swift in Sources */ = {isa = PBXBuildFile; fileRef = 6B4BCA78263EB8580036EF41 /* NavigationControllerStyle.swift */; };
		6B4BCA7E263EB8C80036EF41 /* LabelStyle.swift in Sources */ = {isa = PBXBuildFile; fileRef = 6B4BCA7D263EB8C80036EF41 /* LabelStyle.swift */; };
		6B4BCA84263EBA6C0036EF41 /* NavigationPushRouter.swift in Sources */ = {isa = PBXBuildFile; fileRef = 6B4BCA83263EBA6C0036EF41 /* NavigationPushRouter.swift */; };
		6B4BCA8A263EBAAB0036EF41 /* TicketDataPresenter.swift in Sources */ = {isa = PBXBuildFile; fileRef = 6B4BCA89263EBAAB0036EF41 /* TicketDataPresenter.swift */; };
		6B4BCA92263EBACE0036EF41 /* FlightsPresenter.swift in Sources */ = {isa = PBXBuildFile; fileRef = 6B4BCA91263EBACE0036EF41 /* FlightsPresenter.swift */; };
		6B4BCA9A263EBAFB0036EF41 /* FlightToFlightCellDataMapper.swift in Sources */ = {isa = PBXBuildFile; fileRef = 6B4BCA99263EBAFB0036EF41 /* FlightToFlightCellDataMapper.swift */; };
		6B4BCA9F263EBB470036EF41 /* Actionable.swift in Sources */ = {isa = PBXBuildFile; fileRef = 6B4BCA9E263EBB470036EF41 /* Actionable.swift */; };
		6B4BCAA8263EBB7E0036EF41 /* TableViewSection.swift in Sources */ = {isa = PBXBuildFile; fileRef = 6B4BCAA7263EBB7E0036EF41 /* TableViewSection.swift */; };
		6B4BCAAD263EBBA50036EF41 /* ItemActionTableViewDelegate.swift in Sources */ = {isa = PBXBuildFile; fileRef = 6B4BCAAC263EBBA50036EF41 /* ItemActionTableViewDelegate.swift */; };
		6B4BCAB5263EBC310036EF41 /* DequeueableCell.swift in Sources */ = {isa = PBXBuildFile; fileRef = 6B4BCAB4263EBC310036EF41 /* DequeueableCell.swift */; };
		6B4BCABA263EBC4C0036EF41 /* ConfigurableCellTableViewDataSourceWithStringHeader.swift in Sources */ = {isa = PBXBuildFile; fileRef = 6B4BCAB9263EBC4C0036EF41 /* ConfigurableCellTableViewDataSourceWithStringHeader.swift */; };
		6B4BCACB263FA2970036EF41 /* ValueExtractor.swift in Sources */ = {isa = PBXBuildFile; fileRef = 6B4BCACA263FA2970036EF41 /* ValueExtractor.swift */; };
		6B4BCAD3263FB7FE0036EF41 /* ValueExtractorTests.swift in Sources */ = {isa = PBXBuildFile; fileRef = 6B4BCAD2263FB7FE0036EF41 /* ValueExtractorTests.swift */; };
		6B4FEE09264128F4005F7E1C /* FlightTableViewCellTests.swift in Sources */ = {isa = PBXBuildFile; fileRef = 6B4FEE08264128F4005F7E1C /* FlightTableViewCellTests.swift */; };
		6B630014263E21E800669361 /* FlightInfoView.swift in Sources */ = {isa = PBXBuildFile; fileRef = 6B630013263E21E800669361 /* FlightInfoView.swift */; };
		6B630019263E220400669361 /* FlightInfoView.xib in Resources */ = {isa = PBXBuildFile; fileRef = 6B630018263E220400669361 /* FlightInfoView.xib */; };
		6B63001E263E246900669361 /* DividingLine.swift in Sources */ = {isa = PBXBuildFile; fileRef = 6B63001D263E246900669361 /* DividingLine.swift */; };
		6B63002F263E440A00669361 /* FlightsViewController.swift in Sources */ = {isa = PBXBuildFile; fileRef = 6B63002D263E440A00669361 /* FlightsViewController.swift */; };
		6B630030263E440A00669361 /* FlightsViewController.xib in Resources */ = {isa = PBXBuildFile; fileRef = 6B63002E263E440A00669361 /* FlightsViewController.xib */; };
		6B667FA9263D6BA20092AE49 /* XCTestCase+extensions.swift in Sources */ = {isa = PBXBuildFile; fileRef = 6B667FA8263D6BA20092AE49 /* XCTestCase+extensions.swift */; };
		6B667FAE263D6BC50092AE49 /* ColorAssetTests.swift in Sources */ = {isa = PBXBuildFile; fileRef = 6B667FAD263D6BC50092AE49 /* ColorAssetTests.swift */; };
		6B667FC2263D6DEE0092AE49 /* APIURLTests.swift in Sources */ = {isa = PBXBuildFile; fileRef = 6B667FC1263D6DEE0092AE49 /* APIURLTests.swift */; };
		6B667FD5263D72400092AE49 /* TestFlightData.json in Resources */ = {isa = PBXBuildFile; fileRef = 6B667FD4263D72400092AE49 /* TestFlightData.json */; };
		6B667FDA263D72620092AE49 /* FlightTests.swift in Sources */ = {isa = PBXBuildFile; fileRef = 6B667FD9263D72620092AE49 /* FlightTests.swift */; };
		6B667FE8263D83760092AE49 /* JSONDownloadTaskServiceTests.swift in Sources */ = {isa = PBXBuildFile; fileRef = 6B667FE7263D83760092AE49 /* JSONDownloadTaskServiceTests.swift */; };
		6B667FF0263D83C50092AE49 /* TestObjects.swift in Sources */ = {isa = PBXBuildFile; fileRef = 6B667FEF263D83C50092AE49 /* TestObjects.swift */; };
		6B66802F263D870C0092AE49 /* FlightDataServiceTests.swift in Sources */ = {isa = PBXBuildFile; fileRef = 6B66802E263D870C0092AE49 /* FlightDataServiceTests.swift */; };
		6B66803A263D8C9D0092AE49 /* NibLoadable.swift in Sources */ = {isa = PBXBuildFile; fileRef = 6B668039263D8C9D0092AE49 /* NibLoadable.swift */; };
		6B66803F263D93150092AE49 /* FlightAirportsView.swift in Sources */ = {isa = PBXBuildFile; fileRef = 6B66803E263D93150092AE49 /* FlightAirportsView.swift */; };
		6B668044263D931E0092AE49 /* FlightAirportsView.xib in Resources */ = {isa = PBXBuildFile; fileRef = 6B668043263D931E0092AE49 /* FlightAirportsView.xib */; };
		6BA7527D263C0E73009D0CEF /* TicketViewController.xib in Resources */ = {isa = PBXBuildFile; fileRef = 6BA7527C263C0E73009D0CEF /* TicketViewController.xib */; };
		6BA75282263C0EB5009D0CEF /* TicketView.xib in Resources */ = {isa = PBXBuildFile; fileRef = 6BA75281263C0EB5009D0CEF /* TicketView.xib */; };
		6BC204BD2642561D00C2FBDA /* FlightsViewControllerTests.swift in Sources */ = {isa = PBXBuildFile; fileRef = 6BC204BC2642561D00C2FBDA /* FlightsViewControllerTests.swift */; };
		6BD5052B263BB807005ABFC4 /* AppDelegate.swift in Sources */ = {isa = PBXBuildFile; fileRef = 6BD5052A263BB807005ABFC4 /* AppDelegate.swift */; };
		6BD5052F263BB807005ABFC4 /* TicketViewController.swift in Sources */ = {isa = PBXBuildFile; fileRef = 6BD5052E263BB807005ABFC4 /* TicketViewController.swift */; };
		6BD50534263BB80B005ABFC4 /* Assets.xcassets in Resources */ = {isa = PBXBuildFile; fileRef = 6BD50533263BB80B005ABFC4 /* Assets.xcassets */; };
		6BD50537263BB80B005ABFC4 /* LaunchScreen.storyboard in Resources */ = {isa = PBXBuildFile; fileRef = 6BD50535263BB80B005ABFC4 /* LaunchScreen.storyboard */; };
		6BD50542263BB80B005ABFC4 /* Trips__Example_Project_Tests.swift in Sources */ = {isa = PBXBuildFile; fileRef = 6BD50541263BB80B005ABFC4 /* Trips__Example_Project_Tests.swift */; };
		6BD5054D263BB80B005ABFC4 /* Trips__Example_Project_UITests.swift in Sources */ = {isa = PBXBuildFile; fileRef = 6BD5054C263BB80B005ABFC4 /* Trips__Example_Project_UITests.swift */; };
		6BD5056D263BC052005ABFC4 /* TicketView.swift in Sources */ = {isa = PBXBuildFile; fileRef = 6BD5056C263BC052005ABFC4 /* TicketView.swift */; };
		6BD92472263CC476002BC1FF /* ColorAsset.swift in Sources */ = {isa = PBXBuildFile; fileRef = 6BD92471263CC476002BC1FF /* ColorAsset.swift */; };
		6BD92477263CDC49002BC1FF /* CGPoint+Extensions.swift in Sources */ = {isa = PBXBuildFile; fileRef = 6BD92476263CDC49002BC1FF /* CGPoint+Extensions.swift */; };
		6BD92481263CE782002BC1FF /* ScheduledAirportView.swift in Sources */ = {isa = PBXBuildFile; fileRef = 6BD92480263CE782002BC1FF /* ScheduledAirportView.swift */; };
		6BD92486263CE796002BC1FF /* ScheduledAirportView.xib in Resources */ = {isa = PBXBuildFile; fileRef = 6BD92485263CE795002BC1FF /* ScheduledAirportView.xib */; };
		6BD9248B263D6337002BC1FF /* JSONDownloadTaskService.swift in Sources */ = {isa = PBXBuildFile; fileRef = 6BD9248A263D6337002BC1FF /* JSONDownloadTaskService.swift */; };
		6BD92490263D635E002BC1FF /* URLSessionService.swift in Sources */ = {isa = PBXBuildFile; fileRef = 6BD9248F263D635E002BC1FF /* URLSessionService.swift */; };
		6BD92495263D6384002BC1FF /* FlightDataService.swift in Sources */ = {isa = PBXBuildFile; fileRef = 6BD92494263D6384002BC1FF /* FlightDataService.swift */; };
		6BD9249A263D64CE002BC1FF /* APIURL.swift in Sources */ = {isa = PBXBuildFile; fileRef = 6BD92499263D64CE002BC1FF /* APIURL.swift */; };
		6BD924A2263D666B002BC1FF /* Flight.swift in Sources */ = {isa = PBXBuildFile; fileRef = 6BD924A1263D666B002BC1FF /* Flight.swift */; };
		6BEC0D82263FE105008D6BAA /* main.swift in Sources */ = {isa = PBXBuildFile; fileRef = 6BEC0D81263FE105008D6BAA /* main.swift */; };
		6BEC0D87263FE29D008D6BAA /* CustomDateFormatterTests.swift in Sources */ = {isa = PBXBuildFile; fileRef = 6BEC0D86263FE29D008D6BAA /* CustomDateFormatterTests.swift */; };
/* End PBXBuildFile section */

/* Begin PBXContainerItemProxy section */
		6BD5053E263BB80B005ABFC4 /* PBXContainerItemProxy */ = {
			isa = PBXContainerItemProxy;
			containerPortal = 6BD5051F263BB807005ABFC4 /* Project object */;
			proxyType = 1;
			remoteGlobalIDString = 6BD50526263BB807005ABFC4;
			remoteInfo = "Trips (Example Project)";
		};
		6BD50549263BB80B005ABFC4 /* PBXContainerItemProxy */ = {
			isa = PBXContainerItemProxy;
			containerPortal = 6BD5051F263BB807005ABFC4 /* Project object */;
			proxyType = 1;
			remoteGlobalIDString = 6BD50526263BB807005ABFC4;
			remoteInfo = "Trips (Example Project)";
		};
/* End PBXContainerItemProxy section */

/* Begin PBXFileReference section */
		6B0483DE2640ED630018E47D /* NibLoadableTests.swift */ = {isa = PBXFileReference; lastKnownFileType = sourcecode.swift; path = NibLoadableTests.swift; sourceTree = "<group>"; };
		6B0483E62640EDA70018E47D /* TestNibLoadableView.swift */ = {isa = PBXFileReference; lastKnownFileType = sourcecode.swift; path = TestNibLoadableView.swift; sourceTree = "<group>"; };
		6B0483EB2640EDC10018E47D /* TestNibLoadableView.xib */ = {isa = PBXFileReference; lastKnownFileType = file.xib; path = TestNibLoadableView.xib; sourceTree = "<group>"; };
		6B4BCA4D263E46F70036EF41 /* Configurable.swift */ = {isa = PBXFileReference; lastKnownFileType = sourcecode.swift; path = Configurable.swift; sourceTree = "<group>"; };
		6B4BCA55263E50CB0036EF41 /* FlightTableViewCell.swift */ = {isa = PBXFileReference; lastKnownFileType = sourcecode.swift; path = FlightTableViewCell.swift; sourceTree = "<group>"; };
		6B4BCA56263E50CB0036EF41 /* FlightTableViewCell.xib */ = {isa = PBXFileReference; lastKnownFileType = file.xib; path = FlightTableViewCell.xib; sourceTree = "<group>"; };
		6B4BCA5C263E511E0036EF41 /* FlightCellData.swift */ = {isa = PBXFileReference; lastKnownFileType = sourcecode.swift; path = FlightCellData.swift; sourceTree = "<group>"; };
		6B4BCA69263EA2660036EF41 /* CustomDateFormatter.swift */ = {isa = PBXFileReference; lastKnownFileType = sourcecode.swift; path = CustomDateFormatter.swift; sourceTree = "<group>"; };
		6B4BCA6E263EB2F10036EF41 /* StringParser.swift */ = {isa = PBXFileReference; lastKnownFileType = sourcecode.swift; path = StringParser.swift; sourceTree = "<group>"; };
		6B4BCA73263EB79D0036EF41 /* UINavigationBar+extensions.swift */ = {isa = PBXFileReference; lastKnownFileType = sourcecode.swift; path = "UINavigationBar+extensions.swift"; sourceTree = "<group>"; };
		6B4BCA78263EB8580036EF41 /* NavigationControllerStyle.swift */ = {isa = PBXFileReference; lastKnownFileType = sourcecode.swift; path = NavigationControllerStyle.swift; sourceTree = "<group>"; };
		6B4BCA7D263EB8C80036EF41 /* LabelStyle.swift */ = {isa = PBXFileReference; lastKnownFileType = sourcecode.swift; path = LabelStyle.swift; sourceTree = "<group>"; };
		6B4BCA83263EBA6C0036EF41 /* NavigationPushRouter.swift */ = {isa = PBXFileReference; lastKnownFileType = sourcecode.swift; path = NavigationPushRouter.swift; sourceTree = "<group>"; };
		6B4BCA89263EBAAB0036EF41 /* TicketDataPresenter.swift */ = {isa = PBXFileReference; lastKnownFileType = sourcecode.swift; path = TicketDataPresenter.swift; sourceTree = "<group>"; };
		6B4BCA91263EBACE0036EF41 /* FlightsPresenter.swift */ = {isa = PBXFileReference; lastKnownFileType = sourcecode.swift; path = FlightsPresenter.swift; sourceTree = "<group>"; };
		6B4BCA99263EBAFB0036EF41 /* FlightToFlightCellDataMapper.swift */ = {isa = PBXFileReference; lastKnownFileType = sourcecode.swift; name = FlightToFlightCellDataMapper.swift; path = "Trips (Example Project)/Formatting/FlightToFlightCellDataMapper.swift"; sourceTree = SOURCE_ROOT; };
		6B4BCA9E263EBB470036EF41 /* Actionable.swift */ = {isa = PBXFileReference; lastKnownFileType = sourcecode.swift; path = Actionable.swift; sourceTree = "<group>"; };
		6B4BCAA7263EBB7E0036EF41 /* TableViewSection.swift */ = {isa = PBXFileReference; lastKnownFileType = sourcecode.swift; path = TableViewSection.swift; sourceTree = "<group>"; };
		6B4BCAAC263EBBA50036EF41 /* ItemActionTableViewDelegate.swift */ = {isa = PBXFileReference; lastKnownFileType = sourcecode.swift; name = ItemActionTableViewDelegate.swift; path = "Trips (Example Project)/Interface/Table Views/ItemActionTableViewDelegate.swift"; sourceTree = SOURCE_ROOT; };
		6B4BCAB4263EBC310036EF41 /* DequeueableCell.swift */ = {isa = PBXFileReference; lastKnownFileType = sourcecode.swift; path = DequeueableCell.swift; sourceTree = "<group>"; };
		6B4BCAB9263EBC4C0036EF41 /* ConfigurableCellTableViewDataSourceWithStringHeader.swift */ = {isa = PBXFileReference; lastKnownFileType = sourcecode.swift; path = ConfigurableCellTableViewDataSourceWithStringHeader.swift; sourceTree = "<group>"; };
		6B4BCACA263FA2970036EF41 /* ValueExtractor.swift */ = {isa = PBXFileReference; lastKnownFileType = sourcecode.swift; path = ValueExtractor.swift; sourceTree = "<group>"; };
		6B4BCAD2263FB7FE0036EF41 /* ValueExtractorTests.swift */ = {isa = PBXFileReference; lastKnownFileType = sourcecode.swift; path = ValueExtractorTests.swift; sourceTree = "<group>"; };
		6B4FEE08264128F4005F7E1C /* FlightTableViewCellTests.swift */ = {isa = PBXFileReference; lastKnownFileType = sourcecode.swift; path = FlightTableViewCellTests.swift; sourceTree = "<group>"; };
		6B63000F263DDDF900669361 /* README.md */ = {isa = PBXFileReference; lastKnownFileType = net.daringfireball.markdown; path = README.md; sourceTree = "<group>"; };
		6B630013263E21E800669361 /* FlightInfoView.swift */ = {isa = PBXFileReference; lastKnownFileType = sourcecode.swift; path = FlightInfoView.swift; sourceTree = "<group>"; };
		6B630018263E220400669361 /* FlightInfoView.xib */ = {isa = PBXFileReference; lastKnownFileType = file.xib; path = FlightInfoView.xib; sourceTree = "<group>"; };
		6B63001D263E246900669361 /* DividingLine.swift */ = {isa = PBXFileReference; lastKnownFileType = sourcecode.swift; path = DividingLine.swift; sourceTree = "<group>"; };
		6B63002D263E440A00669361 /* FlightsViewController.swift */ = {isa = PBXFileReference; lastKnownFileType = sourcecode.swift; path = FlightsViewController.swift; sourceTree = "<group>"; };
		6B63002E263E440A00669361 /* FlightsViewController.xib */ = {isa = PBXFileReference; lastKnownFileType = file.xib; path = FlightsViewController.xib; sourceTree = "<group>"; };
		6B667FA8263D6BA20092AE49 /* XCTestCase+extensions.swift */ = {isa = PBXFileReference; lastKnownFileType = sourcecode.swift; path = "XCTestCase+extensions.swift"; sourceTree = "<group>"; };
		6B667FAD263D6BC50092AE49 /* ColorAssetTests.swift */ = {isa = PBXFileReference; lastKnownFileType = sourcecode.swift; path = ColorAssetTests.swift; sourceTree = "<group>"; };
		6B667FC1263D6DEE0092AE49 /* APIURLTests.swift */ = {isa = PBXFileReference; lastKnownFileType = sourcecode.swift; path = APIURLTests.swift; sourceTree = "<group>"; };
		6B667FD4263D72400092AE49 /* TestFlightData.json */ = {isa = PBXFileReference; lastKnownFileType = text.json; path = TestFlightData.json; sourceTree = "<group>"; };
		6B667FD9263D72620092AE49 /* FlightTests.swift */ = {isa = PBXFileReference; lastKnownFileType = sourcecode.swift; path = FlightTests.swift; sourceTree = "<group>"; };
		6B667FE7263D83760092AE49 /* JSONDownloadTaskServiceTests.swift */ = {isa = PBXFileReference; fileEncoding = 4; lastKnownFileType = sourcecode.swift; path = JSONDownloadTaskServiceTests.swift; sourceTree = "<group>"; };
		6B667FEF263D83C50092AE49 /* TestObjects.swift */ = {isa = PBXFileReference; fileEncoding = 4; lastKnownFileType = sourcecode.swift; path = TestObjects.swift; sourceTree = "<group>"; };
		6B66802E263D870C0092AE49 /* FlightDataServiceTests.swift */ = {isa = PBXFileReference; lastKnownFileType = sourcecode.swift; path = FlightDataServiceTests.swift; sourceTree = "<group>"; };
		6B668039263D8C9D0092AE49 /* NibLoadable.swift */ = {isa = PBXFileReference; fileEncoding = 4; lastKnownFileType = sourcecode.swift; path = NibLoadable.swift; sourceTree = "<group>"; };
		6B66803E263D93150092AE49 /* FlightAirportsView.swift */ = {isa = PBXFileReference; lastKnownFileType = sourcecode.swift; path = FlightAirportsView.swift; sourceTree = "<group>"; };
		6B668043263D931E0092AE49 /* FlightAirportsView.xib */ = {isa = PBXFileReference; lastKnownFileType = file.xib; path = FlightAirportsView.xib; sourceTree = "<group>"; };
		6BA7527C263C0E73009D0CEF /* TicketViewController.xib */ = {isa = PBXFileReference; lastKnownFileType = file.xib; path = TicketViewController.xib; sourceTree = "<group>"; };
		6BA75281263C0EB5009D0CEF /* TicketView.xib */ = {isa = PBXFileReference; lastKnownFileType = file.xib; path = TicketView.xib; sourceTree = "<group>"; };
		6BC204BC2642561D00C2FBDA /* FlightsViewControllerTests.swift */ = {isa = PBXFileReference; lastKnownFileType = sourcecode.swift; path = FlightsViewControllerTests.swift; sourceTree = "<group>"; };
		6BD50527263BB807005ABFC4 /* Trips (Example Project).app */ = {isa = PBXFileReference; explicitFileType = wrapper.application; includeInIndex = 0; path = "Trips (Example Project).app"; sourceTree = BUILT_PRODUCTS_DIR; };
		6BD5052A263BB807005ABFC4 /* AppDelegate.swift */ = {isa = PBXFileReference; lastKnownFileType = sourcecode.swift; path = AppDelegate.swift; sourceTree = "<group>"; };
		6BD5052E263BB807005ABFC4 /* TicketViewController.swift */ = {isa = PBXFileReference; lastKnownFileType = sourcecode.swift; path = TicketViewController.swift; sourceTree = "<group>"; };
		6BD50533263BB80B005ABFC4 /* Assets.xcassets */ = {isa = PBXFileReference; lastKnownFileType = folder.assetcatalog; path = Assets.xcassets; sourceTree = "<group>"; };
		6BD50536263BB80B005ABFC4 /* Base */ = {isa = PBXFileReference; lastKnownFileType = file.storyboard; name = Base; path = Base.lproj/LaunchScreen.storyboard; sourceTree = "<group>"; };
		6BD50538263BB80B005ABFC4 /* Info.plist */ = {isa = PBXFileReference; lastKnownFileType = text.plist.xml; path = Info.plist; sourceTree = "<group>"; };
		6BD5053D263BB80B005ABFC4 /* Trips (Example Project)Tests.xctest */ = {isa = PBXFileReference; explicitFileType = wrapper.cfbundle; includeInIndex = 0; path = "Trips (Example Project)Tests.xctest"; sourceTree = BUILT_PRODUCTS_DIR; };
		6BD50541263BB80B005ABFC4 /* Trips__Example_Project_Tests.swift */ = {isa = PBXFileReference; lastKnownFileType = sourcecode.swift; path = Trips__Example_Project_Tests.swift; sourceTree = "<group>"; };
		6BD50543263BB80B005ABFC4 /* Info.plist */ = {isa = PBXFileReference; lastKnownFileType = text.plist.xml; path = Info.plist; sourceTree = "<group>"; };
		6BD50548263BB80B005ABFC4 /* Trips (Example Project)UITests.xctest */ = {isa = PBXFileReference; explicitFileType = wrapper.cfbundle; includeInIndex = 0; path = "Trips (Example Project)UITests.xctest"; sourceTree = BUILT_PRODUCTS_DIR; };
		6BD5054C263BB80B005ABFC4 /* Trips__Example_Project_UITests.swift */ = {isa = PBXFileReference; lastKnownFileType = sourcecode.swift; path = Trips__Example_Project_UITests.swift; sourceTree = "<group>"; };
		6BD5054E263BB80B005ABFC4 /* Info.plist */ = {isa = PBXFileReference; lastKnownFileType = text.plist.xml; path = Info.plist; sourceTree = "<group>"; };
		6BD5056C263BC052005ABFC4 /* TicketView.swift */ = {isa = PBXFileReference; lastKnownFileType = sourcecode.swift; path = TicketView.swift; sourceTree = "<group>"; };
		6BD92471263CC476002BC1FF /* ColorAsset.swift */ = {isa = PBXFileReference; lastKnownFileType = sourcecode.swift; path = ColorAsset.swift; sourceTree = "<group>"; };
		6BD92476263CDC49002BC1FF /* CGPoint+Extensions.swift */ = {isa = PBXFileReference; lastKnownFileType = sourcecode.swift; path = "CGPoint+Extensions.swift"; sourceTree = "<group>"; };
		6BD92480263CE782002BC1FF /* ScheduledAirportView.swift */ = {isa = PBXFileReference; lastKnownFileType = sourcecode.swift; path = ScheduledAirportView.swift; sourceTree = "<group>"; };
		6BD92485263CE795002BC1FF /* ScheduledAirportView.xib */ = {isa = PBXFileReference; lastKnownFileType = file.xib; path = ScheduledAirportView.xib; sourceTree = "<group>"; };
		6BD9248A263D6337002BC1FF /* JSONDownloadTaskService.swift */ = {isa = PBXFileReference; lastKnownFileType = sourcecode.swift; path = JSONDownloadTaskService.swift; sourceTree = "<group>"; };
		6BD9248F263D635E002BC1FF /* URLSessionService.swift */ = {isa = PBXFileReference; fileEncoding = 4; lastKnownFileType = sourcecode.swift; path = URLSessionService.swift; sourceTree = "<group>"; };
		6BD92494263D6384002BC1FF /* FlightDataService.swift */ = {isa = PBXFileReference; lastKnownFileType = sourcecode.swift; path = FlightDataService.swift; sourceTree = "<group>"; };
		6BD92499263D64CE002BC1FF /* APIURL.swift */ = {isa = PBXFileReference; lastKnownFileType = sourcecode.swift; path = APIURL.swift; sourceTree = "<group>"; };
		6BD924A1263D666B002BC1FF /* Flight.swift */ = {isa = PBXFileReference; lastKnownFileType = sourcecode.swift; path = Flight.swift; sourceTree = "<group>"; };
		6BEC0D81263FE105008D6BAA /* main.swift */ = {isa = PBXFileReference; fileEncoding = 4; lastKnownFileType = sourcecode.swift; path = main.swift; sourceTree = "<group>"; };
		6BEC0D86263FE29D008D6BAA /* CustomDateFormatterTests.swift */ = {isa = PBXFileReference; lastKnownFileType = sourcecode.swift; path = CustomDateFormatterTests.swift; sourceTree = "<group>"; };
/* End PBXFileReference section */

/* Begin PBXFrameworksBuildPhase section */
		6BD50524263BB807005ABFC4 /* Frameworks */ = {
			isa = PBXFrameworksBuildPhase;
			buildActionMask = 2147483647;
			files = (
			);
			runOnlyForDeploymentPostprocessing = 0;
		};
		6BD5053A263BB80B005ABFC4 /* Frameworks */ = {
			isa = PBXFrameworksBuildPhase;
			buildActionMask = 2147483647;
			files = (
			);
			runOnlyForDeploymentPostprocessing = 0;
		};
		6BD50545263BB80B005ABFC4 /* Frameworks */ = {
			isa = PBXFrameworksBuildPhase;
			buildActionMask = 2147483647;
			files = (
			);
			runOnlyForDeploymentPostprocessing = 0;
		};
/* End PBXFrameworksBuildPhase section */

/* Begin PBXGroup section */
		6B0483DC2640ED4A0018E47D /* Interface */ = {
			isa = PBXGroup;
			children = (
				6B4FEE07264128D5005F7E1C /* Flight List Screen */,
				6B0483DD2640ED550018E47D /* NibLoadable */,
			);
			path = Interface;
			sourceTree = "<group>";
		};
		6B0483DD2640ED550018E47D /* NibLoadable */ = {
			isa = PBXGroup;
			children = (
				6B0483DE2640ED630018E47D /* NibLoadableTests.swift */,
				6B0483E62640EDA70018E47D /* TestNibLoadableView.swift */,
				6B0483EB2640EDC10018E47D /* TestNibLoadableView.xib */,
			);
			path = NibLoadable;
			sourceTree = "<group>";
		};
		6B4BCA82263EBA4E0036EF41 /* Transitions */ = {
			isa = PBXGroup;
			children = (
				6B4BCA83263EBA6C0036EF41 /* NavigationPushRouter.swift */,
			);
			path = Transitions;
			sourceTree = "<group>";
		};
		6B4BCA88263EBA9A0036EF41 /* Formatting */ = {
			isa = PBXGroup;
			children = (
				6B4BCA99263EBAFB0036EF41 /* FlightToFlightCellDataMapper.swift */,
				6B4BCA91263EBACE0036EF41 /* FlightsPresenter.swift */,
				6B4BCA89263EBAAB0036EF41 /* TicketDataPresenter.swift */,
			);
			path = Formatting;
			sourceTree = "<group>";
		};
		6B4BCAA6263EBB710036EF41 /* Table Views */ = {
			isa = PBXGroup;
			children = (
				6B4BCAAC263EBBA50036EF41 /* ItemActionTableViewDelegate.swift */,
				6B4BCAB4263EBC310036EF41 /* DequeueableCell.swift */,
				6B4BCAB9263EBC4C0036EF41 /* ConfigurableCellTableViewDataSourceWithStringHeader.swift */,
				6B4BCAA7263EBB7E0036EF41 /* TableViewSection.swift */,
			);
			path = "Table Views";
			sourceTree = "<group>";
		};
		6B4FEE07264128D5005F7E1C /* Flight List Screen */ = {
			isa = PBXGroup;
			children = (
				6B4FEE08264128F4005F7E1C /* FlightTableViewCellTests.swift */,
				6BC204BC2642561D00C2FBDA /* FlightsViewControllerTests.swift */,
			);
			path = "Flight List Screen";
			sourceTree = "<group>";
		};
		6B630001263DDC2D00669361 /* Data */ = {
			isa = PBXGroup;
			children = (
				6B667FD9263D72620092AE49 /* FlightTests.swift */,
				6B667FE7263D83760092AE49 /* JSONDownloadTaskServiceTests.swift */,
				6B66802E263D870C0092AE49 /* FlightDataServiceTests.swift */,
			);
			path = Data;
			sourceTree = "<group>";
		};
		6B630008263DDC3200669361 /* Constants */ = {
			isa = PBXGroup;
			children = (
				6B667FC1263D6DEE0092AE49 /* APIURLTests.swift */,
				6BEC0D86263FE29D008D6BAA /* CustomDateFormatterTests.swift */,
				6B667FAD263D6BC50092AE49 /* ColorAssetTests.swift */,
				6B4BCAD2263FB7FE0036EF41 /* ValueExtractorTests.swift */,
			);
			path = Constants;
			sourceTree = "<group>";
		};
		6B630028263E43A200669361 /* Ticket Screen */ = {
			isa = PBXGroup;
			children = (
				6BD5052E263BB807005ABFC4 /* TicketViewController.swift */,
				6BA7527C263C0E73009D0CEF /* TicketViewController.xib */,
				6B66803E263D93150092AE49 /* FlightAirportsView.swift */,
				6B668043263D931E0092AE49 /* FlightAirportsView.xib */,
				6BD92480263CE782002BC1FF /* ScheduledAirportView.swift */,
				6BD92485263CE795002BC1FF /* ScheduledAirportView.xib */,
				6BD5056C263BC052005ABFC4 /* TicketView.swift */,
				6BA75281263C0EB5009D0CEF /* TicketView.xib */,
				6B630013263E21E800669361 /* FlightInfoView.swift */,
				6B630018263E220400669361 /* FlightInfoView.xib */,
				6B63001D263E246900669361 /* DividingLine.swift */,
			);
			path = "Ticket Screen";
			sourceTree = "<group>";
		};
		6B63002C263E43C500669361 /* Flight List Screen */ = {
			isa = PBXGroup;
			children = (
				6B4BCA5C263E511E0036EF41 /* FlightCellData.swift */,
				6B4BCA55263E50CB0036EF41 /* FlightTableViewCell.swift */,
				6B4BCA56263E50CB0036EF41 /* FlightTableViewCell.xib */,
				6B63002D263E440A00669361 /* FlightsViewController.swift */,
				6B63002E263E440A00669361 /* FlightsViewController.xib */,
			);
			path = "Flight List Screen";
			sourceTree = "<group>";
		};
		6B63FFF8263DDBD600669361 /* Interface */ = {
			isa = PBXGroup;
			children = (
				6B4BCAA6263EBB710036EF41 /* Table Views */,
				6B4BCA82263EBA4E0036EF41 /* Transitions */,
				6BD92476263CDC49002BC1FF /* CGPoint+Extensions.swift */,
				6B4BCA73263EB79D0036EF41 /* UINavigationBar+extensions.swift */,
				6B668039263D8C9D0092AE49 /* NibLoadable.swift */,
				6B63002C263E43C500669361 /* Flight List Screen */,
				6B630028263E43A200669361 /* Ticket Screen */,
			);
			path = Interface;
			sourceTree = "<group>";
		};
		6B63FFFC263DDBEB00669361 /* Data */ = {
			isa = PBXGroup;
			children = (
				6BD9248F263D635E002BC1FF /* URLSessionService.swift */,
				6BD92494263D6384002BC1FF /* FlightDataService.swift */,
				6BD9248A263D6337002BC1FF /* JSONDownloadTaskService.swift */,
				6BD924A1263D666B002BC1FF /* Flight.swift */,
			);
			path = Data;
			sourceTree = "<group>";
		};
		6B63FFFD263DDBF500669361 /* Constants */ = {
			isa = PBXGroup;
			children = (
				6B4BCA7D263EB8C80036EF41 /* LabelStyle.swift */,
				6BD92471263CC476002BC1FF /* ColorAsset.swift */,
				6BD92499263D64CE002BC1FF /* APIURL.swift */,
				6B4BCA69263EA2660036EF41 /* CustomDateFormatter.swift */,
				6B4BCA6E263EB2F10036EF41 /* StringParser.swift */,
				6B4BCA78263EB8580036EF41 /* NavigationControllerStyle.swift */,
				6B4BCACA263FA2970036EF41 /* ValueExtractor.swift */,
			);
			path = Constants;
			sourceTree = "<group>";
		};
		6BD5051E263BB807005ABFC4 = {
			isa = PBXGroup;
			children = (
				6B63000F263DDDF900669361 /* README.md */,
				6BD50529263BB807005ABFC4 /* Trips (Example Project) */,
				6BD50540263BB80B005ABFC4 /* Trips (Example Project)Tests */,
				6BD5054B263BB80B005ABFC4 /* Trips (Example Project)UITests */,
				6BD50528263BB807005ABFC4 /* Products */,
			);
			sourceTree = "<group>";
		};
		6BD50528263BB807005ABFC4 /* Products */ = {
			isa = PBXGroup;
			children = (
				6BD50527263BB807005ABFC4 /* Trips (Example Project).app */,
				6BD5053D263BB80B005ABFC4 /* Trips (Example Project)Tests.xctest */,
				6BD50548263BB80B005ABFC4 /* Trips (Example Project)UITests.xctest */,
			);
			name = Products;
			sourceTree = "<group>";
		};
		6BD50529263BB807005ABFC4 /* Trips (Example Project) */ = {
			isa = PBXGroup;
			children = (
				6BEC0D81263FE105008D6BAA /* main.swift */,
				6B4BCA9E263EBB470036EF41 /* Actionable.swift */,
				6B4BCA4D263E46F70036EF41 /* Configurable.swift */,
				6BD5052A263BB807005ABFC4 /* AppDelegate.swift */,
				6B4BCA88263EBA9A0036EF41 /* Formatting */,
				6B63FFFC263DDBEB00669361 /* Data */,
				6B63FFFD263DDBF500669361 /* Constants */,
				6B63FFF8263DDBD600669361 /* Interface */,
				6BD50533263BB80B005ABFC4 /* Assets.xcassets */,
				6BD50535263BB80B005ABFC4 /* LaunchScreen.storyboard */,
				6BD50538263BB80B005ABFC4 /* Info.plist */,
			);
			path = "Trips (Example Project)";
			sourceTree = "<group>";
		};
		6BD50540263BB80B005ABFC4 /* Trips (Example Project)Tests */ = {
			isa = PBXGroup;
			children = (
				6BD50541263BB80B005ABFC4 /* Trips__Example_Project_Tests.swift */,
				6B630008263DDC3200669361 /* Constants */,
				6B667FA8263D6BA20092AE49 /* XCTestCase+extensions.swift */,
				6B0483DC2640ED4A0018E47D /* Interface */,
				6B630001263DDC2D00669361 /* Data */,
				6B667FEF263D83C50092AE49 /* TestObjects.swift */,
				6BD50543263BB80B005ABFC4 /* Info.plist */,
				6B667FD4263D72400092AE49 /* TestFlightData.json */,
			);
			path = "Trips (Example Project)Tests";
			sourceTree = "<group>";
		};
		6BD5054B263BB80B005ABFC4 /* Trips (Example Project)UITests */ = {
			isa = PBXGroup;
			children = (
				6BD5054C263BB80B005ABFC4 /* Trips__Example_Project_UITests.swift */,
				6BD5054E263BB80B005ABFC4 /* Info.plist */,
			);
			path = "Trips (Example Project)UITests";
			sourceTree = "<group>";
		};
/* End PBXGroup section */

/* Begin PBXNativeTarget section */
		6BD50526263BB807005ABFC4 /* Trips (Example Project) */ = {
			isa = PBXNativeTarget;
			buildConfigurationList = 6BD50551263BB80B005ABFC4 /* Build configuration list for PBXNativeTarget "Trips (Example Project)" */;
			buildPhases = (
				6BD50523263BB807005ABFC4 /* Sources */,
				6BD50524263BB807005ABFC4 /* Frameworks */,
				6BD50525263BB807005ABFC4 /* Resources */,
			);
			buildRules = (
			);
			dependencies = (
			);
			name = "Trips (Example Project)";
			productName = "Trips (Example Project)";
			productReference = 6BD50527263BB807005ABFC4 /* Trips (Example Project).app */;
			productType = "com.apple.product-type.application";
		};
		6BD5053C263BB80B005ABFC4 /* Trips (Example Project)Tests */ = {
			isa = PBXNativeTarget;
			buildConfigurationList = 6BD50554263BB80B005ABFC4 /* Build configuration list for PBXNativeTarget "Trips (Example Project)Tests" */;
			buildPhases = (
				6BD50539263BB80B005ABFC4 /* Sources */,
				6BD5053A263BB80B005ABFC4 /* Frameworks */,
				6BD5053B263BB80B005ABFC4 /* Resources */,
			);
			buildRules = (
			);
			dependencies = (
				6BD5053F263BB80B005ABFC4 /* PBXTargetDependency */,
			);
			name = "Trips (Example Project)Tests";
			productName = "Trips (Example Project)Tests";
			productReference = 6BD5053D263BB80B005ABFC4 /* Trips (Example Project)Tests.xctest */;
			productType = "com.apple.product-type.bundle.unit-test";
		};
		6BD50547263BB80B005ABFC4 /* Trips (Example Project)UITests */ = {
			isa = PBXNativeTarget;
			buildConfigurationList = 6BD50557263BB80B005ABFC4 /* Build configuration list for PBXNativeTarget "Trips (Example Project)UITests" */;
			buildPhases = (
				6BD50544263BB80B005ABFC4 /* Sources */,
				6BD50545263BB80B005ABFC4 /* Frameworks */,
				6BD50546263BB80B005ABFC4 /* Resources */,
			);
			buildRules = (
			);
			dependencies = (
				6BD5054A263BB80B005ABFC4 /* PBXTargetDependency */,
			);
			name = "Trips (Example Project)UITests";
			productName = "Trips (Example Project)UITests";
			productReference = 6BD50548263BB80B005ABFC4 /* Trips (Example Project)UITests.xctest */;
			productType = "com.apple.product-type.bundle.ui-testing";
		};
/* End PBXNativeTarget section */

/* Begin PBXProject section */
		6BD5051F263BB807005ABFC4 /* Project object */ = {
			isa = PBXProject;
			attributes = {
				LastSwiftUpdateCheck = 1240;
				LastUpgradeCheck = 1240;
				TargetAttributes = {
					6BD50526263BB807005ABFC4 = {
						CreatedOnToolsVersion = 12.4;
					};
					6BD5053C263BB80B005ABFC4 = {
						CreatedOnToolsVersion = 12.4;
						TestTargetID = 6BD50526263BB807005ABFC4;
					};
					6BD50547263BB80B005ABFC4 = {
						CreatedOnToolsVersion = 12.4;
						TestTargetID = 6BD50526263BB807005ABFC4;
					};
				};
			};
			buildConfigurationList = 6BD50522263BB807005ABFC4 /* Build configuration list for PBXProject "Trips (Example Project)" */;
			compatibilityVersion = "Xcode 9.3";
			developmentRegion = en;
			hasScannedForEncodings = 0;
			knownRegions = (
				en,
				Base,
			);
			mainGroup = 6BD5051E263BB807005ABFC4;
			productRefGroup = 6BD50528263BB807005ABFC4 /* Products */;
			projectDirPath = "";
			projectRoot = "";
			targets = (
				6BD50526263BB807005ABFC4 /* Trips (Example Project) */,
				6BD5053C263BB80B005ABFC4 /* Trips (Example Project)Tests */,
				6BD50547263BB80B005ABFC4 /* Trips (Example Project)UITests */,
			);
		};
/* End PBXProject section */

/* Begin PBXResourcesBuildPhase section */
		6BD50525263BB807005ABFC4 /* Resources */ = {
			isa = PBXResourcesBuildPhase;
			buildActionMask = 2147483647;
			files = (
				6BD50537263BB80B005ABFC4 /* LaunchScreen.storyboard in Resources */,
				6BD92486263CE796002BC1FF /* ScheduledAirportView.xib in Resources */,
				6B4BCA58263E50CB0036EF41 /* FlightTableViewCell.xib in Resources */,
				6B630030263E440A00669361 /* FlightsViewController.xib in Resources */,
				6B630019263E220400669361 /* FlightInfoView.xib in Resources */,
				6BA7527D263C0E73009D0CEF /* TicketViewController.xib in Resources */,
				6B668044263D931E0092AE49 /* FlightAirportsView.xib in Resources */,
				6BA75282263C0EB5009D0CEF /* TicketView.xib in Resources */,
				6BD50534263BB80B005ABFC4 /* Assets.xcassets in Resources */,
			);
			runOnlyForDeploymentPostprocessing = 0;
		};
		6BD5053B263BB80B005ABFC4 /* Resources */ = {
			isa = PBXResourcesBuildPhase;
			buildActionMask = 2147483647;
			files = (
				6B0483EC2640EDC10018E47D /* TestNibLoadableView.xib in Resources */,
				6B667FD5263D72400092AE49 /* TestFlightData.json in Resources */,
			);
			runOnlyForDeploymentPostprocessing = 0;
		};
		6BD50546263BB80B005ABFC4 /* Resources */ = {
			isa = PBXResourcesBuildPhase;
			buildActionMask = 2147483647;
			files = (
			);
			runOnlyForDeploymentPostprocessing = 0;
		};
/* End PBXResourcesBuildPhase section */

/* Begin PBXSourcesBuildPhase section */
		6BD50523263BB807005ABFC4 /* Sources */ = {
			isa = PBXSourcesBuildPhase;
			buildActionMask = 2147483647;
			files = (
				6B66803F263D93150092AE49 /* FlightAirportsView.swift in Sources */,
				6BEC0D82263FE105008D6BAA /* main.swift in Sources */,
				6BD5056D263BC052005ABFC4 /* TicketView.swift in Sources */,
				6B630014263E21E800669361 /* FlightInfoView.swift in Sources */,
				6BD92477263CDC49002BC1FF /* CGPoint+Extensions.swift in Sources */,
				6B4BCA5D263E511E0036EF41 /* FlightCellData.swift in Sources */,
				6BD5052F263BB807005ABFC4 /* TicketViewController.swift in Sources */,
				6BD92481263CE782002BC1FF /* ScheduledAirportView.swift in Sources */,
				6B4BCA8A263EBAAB0036EF41 /* TicketDataPresenter.swift in Sources */,
				6BD92472263CC476002BC1FF /* ColorAsset.swift in Sources */,
				6B4BCA9F263EBB470036EF41 /* Actionable.swift in Sources */,
				6B4BCAA8263EBB7E0036EF41 /* TableViewSection.swift in Sources */,
				6B4BCABA263EBC4C0036EF41 /* ConfigurableCellTableViewDataSourceWithStringHeader.swift in Sources */,
				6BD92490263D635E002BC1FF /* URLSessionService.swift in Sources */,
				6BD9249A263D64CE002BC1FF /* APIURL.swift in Sources */,
				6B63001E263E246900669361 /* DividingLine.swift in Sources */,
				6B4BCA6F263EB2F10036EF41 /* StringParser.swift in Sources */,
				6B4BCA9A263EBAFB0036EF41 /* FlightToFlightCellDataMapper.swift in Sources */,
				6B4BCA4E263E46F70036EF41 /* Configurable.swift in Sources */,
				6BD9248B263D6337002BC1FF /* JSONDownloadTaskService.swift in Sources */,
				6BD924A2263D666B002BC1FF /* Flight.swift in Sources */,
				6B4BCA57263E50CB0036EF41 /* FlightTableViewCell.swift in Sources */,
				6B4BCAAD263EBBA50036EF41 /* ItemActionTableViewDelegate.swift in Sources */,
				6B4BCA92263EBACE0036EF41 /* FlightsPresenter.swift in Sources */,
				6B4BCA7E263EB8C80036EF41 /* LabelStyle.swift in Sources */,
				6B66803A263D8C9D0092AE49 /* NibLoadable.swift in Sources */,
				6B4BCA6A263EA2660036EF41 /* CustomDateFormatter.swift in Sources */,
				6BD5052B263BB807005ABFC4 /* AppDelegate.swift in Sources */,
				6B63002F263E440A00669361 /* FlightsViewController.swift in Sources */,
				6B4BCA84263EBA6C0036EF41 /* NavigationPushRouter.swift in Sources */,
				6BD92495263D6384002BC1FF /* FlightDataService.swift in Sources */,
				6B4BCACB263FA2970036EF41 /* ValueExtractor.swift in Sources */,
				6B4BCAB5263EBC310036EF41 /* DequeueableCell.swift in Sources */,
				6B4BCA74263EB79D0036EF41 /* UINavigationBar+extensions.swift in Sources */,
				6B4BCA79263EB8580036EF41 /* NavigationControllerStyle.swift in Sources */,
			);
			runOnlyForDeploymentPostprocessing = 0;
		};
		6BD50539263BB80B005ABFC4 /* Sources */ = {
			isa = PBXSourcesBuildPhase;
			buildActionMask = 2147483647;
			files = (
				6B4BCAD3263FB7FE0036EF41 /* ValueExtractorTests.swift in Sources */,
				6B4FEE09264128F4005F7E1C /* FlightTableViewCellTests.swift in Sources */,
				6B0483E72640EDA70018E47D /* TestNibLoadableView.swift in Sources */,
				6B667FE8263D83760092AE49 /* JSONDownloadTaskServiceTests.swift in Sources */,
				6BEC0D87263FE29D008D6BAA /* CustomDateFormatterTests.swift in Sources */,
				6B667FDA263D72620092AE49 /* FlightTests.swift in Sources */,
				6B667FC2263D6DEE0092AE49 /* APIURLTests.swift in Sources */,
				6B66802F263D870C0092AE49 /* FlightDataServiceTests.swift in Sources */,
				6B667FF0263D83C50092AE49 /* TestObjects.swift in Sources */,
				6B667FAE263D6BC50092AE49 /* ColorAssetTests.swift in Sources */,
				6B667FA9263D6BA20092AE49 /* XCTestCase+extensions.swift in Sources */,
				6BD50542263BB80B005ABFC4 /* Trips__Example_Project_Tests.swift in Sources */,
				6BC204BD2642561D00C2FBDA /* FlightsViewControllerTests.swift in Sources */,
				6B0483DF2640ED630018E47D /* NibLoadableTests.swift in Sources */,
			);
			runOnlyForDeploymentPostprocessing = 0;
		};
		6BD50544263BB80B005ABFC4 /* Sources */ = {
			isa = PBXSourcesBuildPhase;
			buildActionMask = 2147483647;
			files = (
				6BD5054D263BB80B005ABFC4 /* Trips__Example_Project_UITests.swift in Sources */,
			);
			runOnlyForDeploymentPostprocessing = 0;
		};
/* End PBXSourcesBuildPhase section */

/* Begin PBXTargetDependency section */
		6BD5053F263BB80B005ABFC4 /* PBXTargetDependency */ = {
			isa = PBXTargetDependency;
			target = 6BD50526263BB807005ABFC4 /* Trips (Example Project) */;
			targetProxy = 6BD5053E263BB80B005ABFC4 /* PBXContainerItemProxy */;
		};
		6BD5054A263BB80B005ABFC4 /* PBXTargetDependency */ = {
			isa = PBXTargetDependency;
			target = 6BD50526263BB807005ABFC4 /* Trips (Example Project) */;
			targetProxy = 6BD50549263BB80B005ABFC4 /* PBXContainerItemProxy */;
		};
/* End PBXTargetDependency section */

/* Begin PBXVariantGroup section */
		6BD50535263BB80B005ABFC4 /* LaunchScreen.storyboard */ = {
			isa = PBXVariantGroup;
			children = (
				6BD50536263BB80B005ABFC4 /* Base */,
			);
			name = LaunchScreen.storyboard;
			sourceTree = "<group>";
		};
/* End PBXVariantGroup section */

/* Begin XCBuildConfiguration section */
		6BD5054F263BB80B005ABFC4 /* Debug */ = {
			isa = XCBuildConfiguration;
			buildSettings = {
				ALWAYS_SEARCH_USER_PATHS = NO;
				CLANG_ANALYZER_NONNULL = YES;
				CLANG_ANALYZER_NUMBER_OBJECT_CONVERSION = YES_AGGRESSIVE;
				CLANG_CXX_LANGUAGE_STANDARD = "gnu++14";
				CLANG_CXX_LIBRARY = "libc++";
				CLANG_ENABLE_MODULES = YES;
				CLANG_ENABLE_OBJC_ARC = YES;
				CLANG_ENABLE_OBJC_WEAK = YES;
				CLANG_WARN_BLOCK_CAPTURE_AUTORELEASING = YES;
				CLANG_WARN_BOOL_CONVERSION = YES;
				CLANG_WARN_COMMA = YES;
				CLANG_WARN_CONSTANT_CONVERSION = YES;
				CLANG_WARN_DEPRECATED_OBJC_IMPLEMENTATIONS = YES;
				CLANG_WARN_DIRECT_OBJC_ISA_USAGE = YES_ERROR;
				CLANG_WARN_DOCUMENTATION_COMMENTS = YES;
				CLANG_WARN_EMPTY_BODY = YES;
				CLANG_WARN_ENUM_CONVERSION = YES;
				CLANG_WARN_INFINITE_RECURSION = YES;
				CLANG_WARN_INT_CONVERSION = YES;
				CLANG_WARN_NON_LITERAL_NULL_CONVERSION = YES;
				CLANG_WARN_OBJC_IMPLICIT_RETAIN_SELF = YES;
				CLANG_WARN_OBJC_LITERAL_CONVERSION = YES;
				CLANG_WARN_OBJC_ROOT_CLASS = YES_ERROR;
				CLANG_WARN_QUOTED_INCLUDE_IN_FRAMEWORK_HEADER = YES;
				CLANG_WARN_RANGE_LOOP_ANALYSIS = YES;
				CLANG_WARN_STRICT_PROTOTYPES = YES;
				CLANG_WARN_SUSPICIOUS_MOVE = YES;
				CLANG_WARN_UNGUARDED_AVAILABILITY = YES_AGGRESSIVE;
				CLANG_WARN_UNREACHABLE_CODE = YES;
				CLANG_WARN__DUPLICATE_METHOD_MATCH = YES;
				COPY_PHASE_STRIP = NO;
				DEBUG_INFORMATION_FORMAT = dwarf;
				ENABLE_STRICT_OBJC_MSGSEND = YES;
				ENABLE_TESTABILITY = YES;
				GCC_C_LANGUAGE_STANDARD = gnu11;
				GCC_DYNAMIC_NO_PIC = NO;
				GCC_NO_COMMON_BLOCKS = YES;
				GCC_OPTIMIZATION_LEVEL = 0;
				GCC_PREPROCESSOR_DEFINITIONS = (
					"DEBUG=1",
					"$(inherited)",
				);
				GCC_WARN_64_TO_32_BIT_CONVERSION = YES;
				GCC_WARN_ABOUT_RETURN_TYPE = YES_ERROR;
				GCC_WARN_UNDECLARED_SELECTOR = YES;
				GCC_WARN_UNINITIALIZED_AUTOS = YES_AGGRESSIVE;
				GCC_WARN_UNUSED_FUNCTION = YES;
				GCC_WARN_UNUSED_VARIABLE = YES;
				IPHONEOS_DEPLOYMENT_TARGET = 14.4;
				MTL_ENABLE_DEBUG_INFO = INCLUDE_SOURCE;
				MTL_FAST_MATH = YES;
				ONLY_ACTIVE_ARCH = YES;
				SDKROOT = iphoneos;
				SWIFT_ACTIVE_COMPILATION_CONDITIONS = DEBUG;
				SWIFT_OPTIMIZATION_LEVEL = "-Onone";
			};
			name = Debug;
		};
		6BD50550263BB80B005ABFC4 /* Release */ = {
			isa = XCBuildConfiguration;
			buildSettings = {
				ALWAYS_SEARCH_USER_PATHS = NO;
				CLANG_ANALYZER_NONNULL = YES;
				CLANG_ANALYZER_NUMBER_OBJECT_CONVERSION = YES_AGGRESSIVE;
				CLANG_CXX_LANGUAGE_STANDARD = "gnu++14";
				CLANG_CXX_LIBRARY = "libc++";
				CLANG_ENABLE_MODULES = YES;
				CLANG_ENABLE_OBJC_ARC = YES;
				CLANG_ENABLE_OBJC_WEAK = YES;
				CLANG_WARN_BLOCK_CAPTURE_AUTORELEASING = YES;
				CLANG_WARN_BOOL_CONVERSION = YES;
				CLANG_WARN_COMMA = YES;
				CLANG_WARN_CONSTANT_CONVERSION = YES;
				CLANG_WARN_DEPRECATED_OBJC_IMPLEMENTATIONS = YES;
				CLANG_WARN_DIRECT_OBJC_ISA_USAGE = YES_ERROR;
				CLANG_WARN_DOCUMENTATION_COMMENTS = YES;
				CLANG_WARN_EMPTY_BODY = YES;
				CLANG_WARN_ENUM_CONVERSION = YES;
				CLANG_WARN_INFINITE_RECURSION = YES;
				CLANG_WARN_INT_CONVERSION = YES;
				CLANG_WARN_NON_LITERAL_NULL_CONVERSION = YES;
				CLANG_WARN_OBJC_IMPLICIT_RETAIN_SELF = YES;
				CLANG_WARN_OBJC_LITERAL_CONVERSION = YES;
				CLANG_WARN_OBJC_ROOT_CLASS = YES_ERROR;
				CLANG_WARN_QUOTED_INCLUDE_IN_FRAMEWORK_HEADER = YES;
				CLANG_WARN_RANGE_LOOP_ANALYSIS = YES;
				CLANG_WARN_STRICT_PROTOTYPES = YES;
				CLANG_WARN_SUSPICIOUS_MOVE = YES;
				CLANG_WARN_UNGUARDED_AVAILABILITY = YES_AGGRESSIVE;
				CLANG_WARN_UNREACHABLE_CODE = YES;
				CLANG_WARN__DUPLICATE_METHOD_MATCH = YES;
				COPY_PHASE_STRIP = NO;
				DEBUG_INFORMATION_FORMAT = "dwarf-with-dsym";
				ENABLE_NS_ASSERTIONS = NO;
				ENABLE_STRICT_OBJC_MSGSEND = YES;
				GCC_C_LANGUAGE_STANDARD = gnu11;
				GCC_NO_COMMON_BLOCKS = YES;
				GCC_WARN_64_TO_32_BIT_CONVERSION = YES;
				GCC_WARN_ABOUT_RETURN_TYPE = YES_ERROR;
				GCC_WARN_UNDECLARED_SELECTOR = YES;
				GCC_WARN_UNINITIALIZED_AUTOS = YES_AGGRESSIVE;
				GCC_WARN_UNUSED_FUNCTION = YES;
				GCC_WARN_UNUSED_VARIABLE = YES;
				IPHONEOS_DEPLOYMENT_TARGET = 14.4;
				MTL_ENABLE_DEBUG_INFO = NO;
				MTL_FAST_MATH = YES;
				SDKROOT = iphoneos;
				SWIFT_COMPILATION_MODE = wholemodule;
				SWIFT_OPTIMIZATION_LEVEL = "-O";
				VALIDATE_PRODUCT = YES;
			};
			name = Release;
		};
		6BD50552263BB80B005ABFC4 /* Debug */ = {
			isa = XCBuildConfiguration;
			buildSettings = {
				ASSETCATALOG_COMPILER_APPICON_NAME = AppIcon;
				ASSETCATALOG_COMPILER_GLOBAL_ACCENT_COLOR_NAME = AccentColor;
				CODE_SIGN_STYLE = Automatic;
				DEVELOPMENT_TEAM = Y6Q66BXSCV;
				INFOPLIST_FILE = "Trips (Example Project)/Info.plist";
				LD_RUNPATH_SEARCH_PATHS = (
					"$(inherited)",
					"@executable_path/Frameworks",
				);
				PRODUCT_BUNDLE_IDENTIFIER = "keenanhauber.Trips--Example-Project-";
				PRODUCT_NAME = "$(TARGET_NAME)";
				SWIFT_VERSION = 5.0;
				TARGETED_DEVICE_FAMILY = "1,2";
			};
			name = Debug;
		};
		6BD50553263BB80B005ABFC4 /* Release */ = {
			isa = XCBuildConfiguration;
			buildSettings = {
				ASSETCATALOG_COMPILER_APPICON_NAME = AppIcon;
				ASSETCATALOG_COMPILER_GLOBAL_ACCENT_COLOR_NAME = AccentColor;
				CODE_SIGN_STYLE = Automatic;
				DEVELOPMENT_TEAM = Y6Q66BXSCV;
				INFOPLIST_FILE = "Trips (Example Project)/Info.plist";
				LD_RUNPATH_SEARCH_PATHS = (
					"$(inherited)",
					"@executable_path/Frameworks",
				);
				PRODUCT_BUNDLE_IDENTIFIER = "keenanhauber.Trips--Example-Project-";
				PRODUCT_NAME = "$(TARGET_NAME)";
				SWIFT_VERSION = 5.0;
				TARGETED_DEVICE_FAMILY = "1,2";
			};
			name = Release;
		};
		6BD50555263BB80B005ABFC4 /* Debug */ = {
			isa = XCBuildConfiguration;
			buildSettings = {
				ALWAYS_EMBED_SWIFT_STANDARD_LIBRARIES = YES;
				BUNDLE_LOADER = "$(TEST_HOST)";
				CODE_SIGN_STYLE = Automatic;
				DEVELOPMENT_TEAM = Y6Q66BXSCV;
				INFOPLIST_FILE = "Trips (Example Project)Tests/Info.plist";
				IPHONEOS_DEPLOYMENT_TARGET = 14.4;
				LD_RUNPATH_SEARCH_PATHS = (
					"$(inherited)",
					"@executable_path/Frameworks",
					"@loader_path/Frameworks",
				);
				PRODUCT_BUNDLE_IDENTIFIER = "keenanhauber.Trips--Example-Project-Tests";
				PRODUCT_NAME = "$(TARGET_NAME)";
				SWIFT_VERSION = 5.0;
				TARGETED_DEVICE_FAMILY = "1,2";
				TEST_HOST = "$(BUILT_PRODUCTS_DIR)/Trips (Example Project).app/Trips (Example Project)";
			};
			name = Debug;
		};
		6BD50556263BB80B005ABFC4 /* Release */ = {
			isa = XCBuildConfiguration;
			buildSettings = {
				ALWAYS_EMBED_SWIFT_STANDARD_LIBRARIES = YES;
				BUNDLE_LOADER = "$(TEST_HOST)";
				CODE_SIGN_STYLE = Automatic;
				DEVELOPMENT_TEAM = Y6Q66BXSCV;
				INFOPLIST_FILE = "Trips (Example Project)Tests/Info.plist";
				IPHONEOS_DEPLOYMENT_TARGET = 14.4;
				LD_RUNPATH_SEARCH_PATHS = (
					"$(inherited)",
					"@executable_path/Frameworks",
					"@loader_path/Frameworks",
				);
				PRODUCT_BUNDLE_IDENTIFIER = "keenanhauber.Trips--Example-Project-Tests";
				PRODUCT_NAME = "$(TARGET_NAME)";
				SWIFT_VERSION = 5.0;
				TARGETED_DEVICE_FAMILY = "1,2";
				TEST_HOST = "$(BUILT_PRODUCTS_DIR)/Trips (Example Project).app/Trips (Example Project)";
			};
			name = Release;
		};
		6BD50558263BB80B005ABFC4 /* Debug */ = {
			isa = XCBuildConfiguration;
			buildSettings = {
				ALWAYS_EMBED_SWIFT_STANDARD_LIBRARIES = YES;
				CODE_SIGN_STYLE = Automatic;
				DEVELOPMENT_TEAM = Y6Q66BXSCV;
				INFOPLIST_FILE = "Trips (Example Project)UITests/Info.plist";
				LD_RUNPATH_SEARCH_PATHS = (
					"$(inherited)",
					"@executable_path/Frameworks",
					"@loader_path/Frameworks",
				);
				PRODUCT_BUNDLE_IDENTIFIER = "keenanhauber.Trips--Example-Project-UITests";
				PRODUCT_NAME = "$(TARGET_NAME)";
				SWIFT_VERSION = 5.0;
				TARGETED_DEVICE_FAMILY = "1,2";
				TEST_TARGET_NAME = "Trips (Example Project)";
			};
			name = Debug;
		};
		6BD50559263BB80B005ABFC4 /* Release */ = {
			isa = XCBuildConfiguration;
			buildSettings = {
				ALWAYS_EMBED_SWIFT_STANDARD_LIBRARIES = YES;
				CODE_SIGN_STYLE = Automatic;
				DEVELOPMENT_TEAM = Y6Q66BXSCV;
				INFOPLIST_FILE = "Trips (Example Project)UITests/Info.plist";
				LD_RUNPATH_SEARCH_PATHS = (
					"$(inherited)",
					"@executable_path/Frameworks",
					"@loader_path/Frameworks",
				);
				PRODUCT_BUNDLE_IDENTIFIER = "keenanhauber.Trips--Example-Project-UITests";
				PRODUCT_NAME = "$(TARGET_NAME)";
				SWIFT_VERSION = 5.0;
				TARGETED_DEVICE_FAMILY = "1,2";
				TEST_TARGET_NAME = "Trips (Example Project)";
			};
			name = Release;
		};
/* End XCBuildConfiguration section */

/* Begin XCConfigurationList section */
		6BD50522263BB807005ABFC4 /* Build configuration list for PBXProject "Trips (Example Project)" */ = {
			isa = XCConfigurationList;
			buildConfigurations = (
				6BD5054F263BB80B005ABFC4 /* Debug */,
				6BD50550263BB80B005ABFC4 /* Release */,
			);
			defaultConfigurationIsVisible = 0;
			defaultConfigurationName = Release;
		};
		6BD50551263BB80B005ABFC4 /* Build configuration list for PBXNativeTarget "Trips (Example Project)" */ = {
			isa = XCConfigurationList;
			buildConfigurations = (
				6BD50552263BB80B005ABFC4 /* Debug */,
				6BD50553263BB80B005ABFC4 /* Release */,
			);
			defaultConfigurationIsVisible = 0;
			defaultConfigurationName = Release;
		};
		6BD50554263BB80B005ABFC4 /* Build configuration list for PBXNativeTarget "Trips (Example Project)Tests" */ = {
			isa = XCConfigurationList;
			buildConfigurations = (
				6BD50555263BB80B005ABFC4 /* Debug */,
				6BD50556263BB80B005ABFC4 /* Release */,
			);
			defaultConfigurationIsVisible = 0;
			defaultConfigurationName = Release;
		};
		6BD50557263BB80B005ABFC4 /* Build configuration list for PBXNativeTarget "Trips (Example Project)UITests" */ = {
			isa = XCConfigurationList;
			buildConfigurations = (
				6BD50558263BB80B005ABFC4 /* Debug */,
				6BD50559263BB80B005ABFC4 /* Release */,
			);
			defaultConfigurationIsVisible = 0;
			defaultConfigurationName = Release;
		};
/* End XCConfigurationList section */
	};
	rootObject = 6BD5051F263BB807005ABFC4 /* Project object */;
}
